
Microsoft Visual Studio Solution File, Format Version 12.00
# Visual Studio Version 17
VisualStudioVersion = 17.9.34728.123
MinimumVisualStudioVersion = 10.0.40219.1
Project("{9A19103F-16F7-4668-BE54-9A1E7A4F7556}") = "Domain", "src\Core\Domain\Domain.csproj", "{63D46015-B235-4710-8A7F-6A190043134C}"
EndProject
Project("{9A19103F-16F7-4668-BE54-9A1E7A4F7556}") = "Infrastructure", "src\Infrastructure\Infrastructure\Infrastructure.csproj", "{5BA4088B-ED1A-484C-AF6F-8B4C6A1486D3}"
EndProject
Project("{9A19103F-16F7-4668-BE54-9A1E7A4F7556}") = "Persistence", "src\Infrastructure\Persistence\Persistence.csproj", "{09305E51-34B3-4D69-984C-CDB524BEDD62}"
EndProject
Project("{9A19103F-16F7-4668-BE54-9A1E7A4F7556}") = "TestProject.API", "src\Presentation\TestProject.API\TestProject.API.csproj", "{C1387812-7EAC-430E-A5A4-3728C82D5775}"
EndProject
Project("{2150E333-8FDC-42A3-9474-1A3956D46DE8}") = "src", "src", "{71ECAC3C-BBB3-4732-B3F6-5A5D9372DA5B}"
EndProject
Project("{2150E333-8FDC-42A3-9474-1A3956D46DE8}") = "docs", "docs", "{2B687E30-1261-4222-A553-C4D035F6B12F}"
EndProject
Project("{9A19103F-16F7-4668-BE54-9A1E7A4F7556}") = "Application", "src\Core\Application\Application.csproj", "{3CE03FE0-4449-4154-B2DB-3FB167CDF9F1}"
EndProject
Project("{2150E333-8FDC-42A3-9474-1A3956D46DE8}") = "Core", "Core", "{5C3ED85D-D4C9-403A-931E-7A59F24DF2E5}"
EndProject
Project("{2150E333-8FDC-42A3-9474-1A3956D46DE8}") = "Infrastrcture", "Infrastrcture", "{BD0DA613-408A-4AD4-8A23-BC673D6FD329}"
EndProject
Project("{2150E333-8FDC-42A3-9474-1A3956D46DE8}") = "Presentation", "Presentation", "{D956A633-3ECA-425B-A05F-8BFF818A7897}"
EndProject
Global
	GlobalSection(SolutionConfigurationPlatforms) = preSolution
		Debug|Any CPU = Debug|Any CPU
		Release|Any CPU = Release|Any CPU
	EndGlobalSection
	GlobalSection(ProjectConfigurationPlatforms) = postSolution
		{63D46015-B235-4710-8A7F-6A190043134C}.Debug|Any CPU.ActiveCfg = Debug|Any CPU
		{63D46015-B235-4710-8A7F-6A190043134C}.Debug|Any CPU.Build.0 = Debug|Any CPU
		{63D46015-B235-4710-8A7F-6A190043134C}.Release|Any CPU.ActiveCfg = Release|Any CPU
		{63D46015-B235-4710-8A7F-6A190043134C}.Release|Any CPU.Build.0 = Release|Any CPU
		{5BA4088B-ED1A-484C-AF6F-8B4C6A1486D3}.Debug|Any CPU.ActiveCfg = Debug|Any CPU
		{5BA4088B-ED1A-484C-AF6F-8B4C6A1486D3}.Debug|Any CPU.Build.0 = Debug|Any CPU
		{5BA4088B-ED1A-484C-AF6F-8B4C6A1486D3}.Release|Any CPU.ActiveCfg = Release|Any CPU
		{5BA4088B-ED1A-484C-AF6F-8B4C6A1486D3}.Release|Any CPU.Build.0 = Release|Any CPU
		{09305E51-34B3-4D69-984C-CDB524BEDD62}.Debug|Any CPU.ActiveCfg = Debug|Any CPU
		{09305E51-34B3-4D69-984C-CDB524BEDD62}.Debug|Any CPU.Build.0 = Debug|Any CPU
		{09305E51-34B3-4D69-984C-CDB524BEDD62}.Release|Any CPU.ActiveCfg = Release|Any CPU
		{09305E51-34B3-4D69-984C-CDB524BEDD62}.Release|Any CPU.Build.0 = Release|Any CPU
		{C1387812-7EAC-430E-A5A4-3728C82D5775}.Debug|Any CPU.ActiveCfg = Debug|Any CPU
		{C1387812-7EAC-430E-A5A4-3728C82D5775}.Debug|Any CPU.Build.0 = Debug|Any CPU
		{C1387812-7EAC-430E-A5A4-3728C82D5775}.Release|Any CPU.ActiveCfg = Release|Any CPU
		{C1387812-7EAC-430E-A5A4-3728C82D5775}.Release|Any CPU.Build.0 = Release|Any CPU
		{3CE03FE0-4449-4154-B2DB-3FB167CDF9F1}.Debug|Any CPU.ActiveCfg = Debug|Any CPU
		{3CE03FE0-4449-4154-B2DB-3FB167CDF9F1}.Debug|Any CPU.Build.0 = Debug|Any CPU
		{3CE03FE0-4449-4154-B2DB-3FB167CDF9F1}.Release|Any CPU.ActiveCfg = Release|Any CPU
		{3CE03FE0-4449-4154-B2DB-3FB167CDF9F1}.Release|Any CPU.Build.0 = Release|Any CPU
	EndGlobalSection
	GlobalSection(SolutionProperties) = preSolution
		HideSolutionNode = FALSE
	EndGlobalSection
	GlobalSection(NestedProjects) = preSolution
		{63D46015-B235-4710-8A7F-6A190043134C} = {5C3ED85D-D4C9-403A-931E-7A59F24DF2E5}
		{5BA4088B-ED1A-484C-AF6F-8B4C6A1486D3} = {BD0DA613-408A-4AD4-8A23-BC673D6FD329}
		{09305E51-34B3-4D69-984C-CDB524BEDD62} = {BD0DA613-408A-4AD4-8A23-BC673D6FD329}
		{C1387812-7EAC-430E-A5A4-3728C82D5775} = {D956A633-3ECA-425B-A05F-8BFF818A7897}
		{3CE03FE0-4449-4154-B2DB-3FB167CDF9F1} = {5C3ED85D-D4C9-403A-931E-7A59F24DF2E5}
		{5C3ED85D-D4C9-403A-931E-7A59F24DF2E5} = {71ECAC3C-BBB3-4732-B3F6-5A5D9372DA5B}
		{BD0DA613-408A-4AD4-8A23-BC673D6FD329} = {71ECAC3C-BBB3-4732-B3F6-5A5D9372DA5B}
		{D956A633-3ECA-425B-A05F-8BFF818A7897} = {71ECAC3C-BBB3-4732-B3F6-5A5D9372DA5B}
	EndGlobalSection
	GlobalSection(ExtensibilityGlobals) = postSolution
		SolutionGuid = {BC24B94D-437E-4CD6-9EE0-08BC2053E7A6}
	EndGlobalSection
EndGlobal
